
Microsoft Visual Studio Solution File, Format Version 12.00
# Visual Studio Version 17
VisualStudioVersion = 17.0.31903.59
MinimumVisualStudioVersion = 10.0.40219.1
Project("{2150E333-8FDC-42A3-9474-1A3956D46DE8}") = "src", "src", "{AC90D496-8CE8-49FA-997B-00565ACF6E01}"
EndProject
Project("{2150E333-8FDC-42A3-9474-1A3956D46DE8}") = "test", "test", "{CE8E6B57-0220-4668-8A05-5608395C85F4}"
EndProject
Project("{FAE04EC0-301F-11D3-BF4B-00C04F79EFBC}") = "Application", "src\Application\Application.csproj", "{0E2365E1-9586-4904-914B-77241B8AC304}"
EndProject
Project("{FAE04EC0-301F-11D3-BF4B-00C04F79EFBC}") = "Domain", "src\Domain\Domain.csproj", "{59D7F3B5-F318-40B7-A869-9E7447E91AC7}"
EndProject
Project("{FAE04EC0-301F-11D3-BF4B-00C04F79EFBC}") = "Api", "src\Api\Api.csproj", "{43EAB3CD-012F-44C5-9BED-BB87CFECEC9E}"
EndProject
Project("{2150E333-8FDC-42A3-9474-1A3956D46DE8}") = "1-Presentation", "1-Presentation", "{08E3925F-82D1-4CA3-A2CE-BBDDD75EED18}"
EndProject
Project("{2150E333-8FDC-42A3-9474-1A3956D46DE8}") = "2-Application", "2-Application", "{3BDF15C3-B382-400A-89FB-BC7FBE40B1ED}"
EndProject
Project("{2150E333-8FDC-42A3-9474-1A3956D46DE8}") = "3-Domain", "3-Domain", "{A0791D2D-74CC-494A-BACA-F3A9F8753A73}"
EndProject
Project("{2150E333-8FDC-42A3-9474-1A3956D46DE8}") = "4-Infrastructure", "4-Infrastructure", "{EA1AF4A5-A94B-468A-954F-49DB106208C1}"
EndProject
Project("{FAE04EC0-301F-11D3-BF4B-00C04F79EFBC}") = "Infrastructure", "src\Infrasctucture\Infrastructure.csproj", "{09CDE84F-1BEB-4700-986D-6084EC8E4C39}"
EndProject
Project("{2150E333-8FDC-42A3-9474-1A3956D46DE8}") = "5-CrossCutting", "5-CrossCutting", "{A91745E2-BCFD-44E0-8245-26D730806C12}"
EndProject
Project("{FAE04EC0-301F-11D3-BF4B-00C04F79EFBC}") = "CrossCutting", "src\CrossCutting\CrossCutting.csproj", "{FDC842F5-564B-403D-8CBC-71F3F693DAB2}"
EndProject
Project("{FAE04EC0-301F-11D3-BF4B-00C04F79EFBC}") = "Test.Unit", "test\Test.Unit\Test.Unit.csproj", "{B5DE5B86-9806-4516-9797-F868F5B0329A}"
EndProject
Global
	GlobalSection(SolutionConfigurationPlatforms) = preSolution
		Debug|Any CPU = Debug|Any CPU
		Release|Any CPU = Release|Any CPU
	EndGlobalSection
	GlobalSection(ProjectConfigurationPlatforms) = postSolution
		{0E2365E1-9586-4904-914B-77241B8AC304}.Debug|Any CPU.ActiveCfg = Debug|Any CPU
		{0E2365E1-9586-4904-914B-77241B8AC304}.Debug|Any CPU.Build.0 = Debug|Any CPU
		{0E2365E1-9586-4904-914B-77241B8AC304}.Release|Any CPU.ActiveCfg = Release|Any CPU
		{0E2365E1-9586-4904-914B-77241B8AC304}.Release|Any CPU.Build.0 = Release|Any CPU
		{59D7F3B5-F318-40B7-A869-9E7447E91AC7}.Debug|Any CPU.ActiveCfg = Debug|Any CPU
		{59D7F3B5-F318-40B7-A869-9E7447E91AC7}.Debug|Any CPU.Build.0 = Debug|Any CPU
		{59D7F3B5-F318-40B7-A869-9E7447E91AC7}.Release|Any CPU.ActiveCfg = Release|Any CPU
		{59D7F3B5-F318-40B7-A869-9E7447E91AC7}.Release|Any CPU.Build.0 = Release|Any CPU
		{43EAB3CD-012F-44C5-9BED-BB87CFECEC9E}.Debug|Any CPU.ActiveCfg = Debug|Any CPU
		{43EAB3CD-012F-44C5-9BED-BB87CFECEC9E}.Debug|Any CPU.Build.0 = Debug|Any CPU
		{43EAB3CD-012F-44C5-9BED-BB87CFECEC9E}.Release|Any CPU.ActiveCfg = Release|Any CPU
		{43EAB3CD-012F-44C5-9BED-BB87CFECEC9E}.Release|Any CPU.Build.0 = Release|Any CPU
		{09CDE84F-1BEB-4700-986D-6084EC8E4C39}.Debug|Any CPU.ActiveCfg = Debug|Any CPU
		{09CDE84F-1BEB-4700-986D-6084EC8E4C39}.Debug|Any CPU.Build.0 = Debug|Any CPU
		{09CDE84F-1BEB-4700-986D-6084EC8E4C39}.Release|Any CPU.ActiveCfg = Release|Any CPU
		{09CDE84F-1BEB-4700-986D-6084EC8E4C39}.Release|Any CPU.Build.0 = Release|Any CPU
		{FDC842F5-564B-403D-8CBC-71F3F693DAB2}.Debug|Any CPU.ActiveCfg = Debug|Any CPU
		{FDC842F5-564B-403D-8CBC-71F3F693DAB2}.Debug|Any CPU.Build.0 = Debug|Any CPU
		{FDC842F5-564B-403D-8CBC-71F3F693DAB2}.Release|Any CPU.ActiveCfg = Release|Any CPU
		{FDC842F5-564B-403D-8CBC-71F3F693DAB2}.Release|Any CPU.Build.0 = Release|Any CPU
		{B5DE5B86-9806-4516-9797-F868F5B0329A}.Debug|Any CPU.ActiveCfg = Debug|Any CPU
		{B5DE5B86-9806-4516-9797-F868F5B0329A}.Debug|Any CPU.Build.0 = Debug|Any CPU
		{B5DE5B86-9806-4516-9797-F868F5B0329A}.Release|Any CPU.ActiveCfg = Release|Any CPU
		{B5DE5B86-9806-4516-9797-F868F5B0329A}.Release|Any CPU.Build.0 = Release|Any CPU
	EndGlobalSection
	GlobalSection(SolutionProperties) = preSolution
		HideSolutionNode = FALSE
	EndGlobalSection
	GlobalSection(NestedProjects) = preSolution
		{0E2365E1-9586-4904-914B-77241B8AC304} = {3BDF15C3-B382-400A-89FB-BC7FBE40B1ED}
		{59D7F3B5-F318-40B7-A869-9E7447E91AC7} = {A0791D2D-74CC-494A-BACA-F3A9F8753A73}
		{43EAB3CD-012F-44C5-9BED-BB87CFECEC9E} = {08E3925F-82D1-4CA3-A2CE-BBDDD75EED18}
		{08E3925F-82D1-4CA3-A2CE-BBDDD75EED18} = {AC90D496-8CE8-49FA-997B-00565ACF6E01}
		{3BDF15C3-B382-400A-89FB-BC7FBE40B1ED} = {AC90D496-8CE8-49FA-997B-00565ACF6E01}
		{A0791D2D-74CC-494A-BACA-F3A9F8753A73} = {AC90D496-8CE8-49FA-997B-00565ACF6E01}
		{EA1AF4A5-A94B-468A-954F-49DB106208C1} = {AC90D496-8CE8-49FA-997B-00565ACF6E01}
		{09CDE84F-1BEB-4700-986D-6084EC8E4C39} = {EA1AF4A5-A94B-468A-954F-49DB106208C1}
		{A91745E2-BCFD-44E0-8245-26D730806C12} = {AC90D496-8CE8-49FA-997B-00565ACF6E01}
		{FDC842F5-564B-403D-8CBC-71F3F693DAB2} = {A91745E2-BCFD-44E0-8245-26D730806C12}
		{B5DE5B86-9806-4516-9797-F868F5B0329A} = {CE8E6B57-0220-4668-8A05-5608395C85F4}
	EndGlobalSection
EndGlobal
